github.com/bobyang007/helper v1.1.3 h1:4BCsg1ZvXyfkCy9mvjGZMmbeMYi8/pe6Yy+i0Fvp9L0=
github.com/bobyang007/helper v1.1.3/go.mod h1:J27HzwObrhX8sRnL5/EhVOBJjkLLcJvRh2s6AaBzxdw=
golang.org/x/text v0.9.0 h1:2sjJmO8cDvYveuX97RDLsxlyUxLl+GHoLxBiRdHllBE=
golang.org/x/text v0.9.0/go.mod h1:e1OnstbJyHTd6l/uOt8jFFHp6TRDWZR/bV3emEE/zU8=
